Microsoft Visual Studio Solution File, Format Version 10.00
# Visual Studio 2008
Project("{FAE04EC0-301F-11D3-BF4B-00C04F79EFBC}") = "adlcp_rootv1p2", "adlcp_rootv1p2.csproj", "{335BAB6F-97C1-0E4C-8CDE-7197939EC0E1}"
	ProjectSection(ProjectDependencies) = postProject
		{D43E6C54-2DF5-454E-9566-DFFE2F3A6946} = {D43E6C54-2DF5-454E-9566-DFFE2F3A6946}
	EndProjectSection
EndProject
Project("{FAE04EC0-301F-11D3-BF4B-00C04F79EFBC}") = "Altova", "..\Altova\Altova.csproj", "{D43E6C54-2DF5-454E-9566-DFFE2F3A6946}"
EndProject
Global
	GlobalSection(SolutionConfigurationPlatforms) = preSolution
		Debug|Any CPU = Debug|Any CPU
		Release|Any CPU = Release|Any CPU
	EndGlobalSection
	GlobalSection(ProjectConfigurationPlatforms) = postSolution
		{335BAB6F-97C1-0E4C-8CDE-7197939EC0E1}.Debug|Any CPU.ActiveCfg = Debug|Any CPU
		{335BAB6F-97C1-0E4C-8CDE-7197939EC0E1}.Debug|Any CPU.Build.0 = Debug|Any CPU
		{335BAB6F-97C1-0E4C-8CDE-7197939EC0E1}.Release|Any CPU.ActiveCfg = Release|Any CPU
		{335BAB6F-97C1-0E4C-8CDE-7197939EC0E1}.Release|Any CPU.Build.0 = Release|Any CPU
		{D43E6C54-2DF5-454E-9566-DFFE2F3A6946}.Debug|Any CPU.ActiveCfg = Debug|Any CPU
		{D43E6C54-2DF5-454E-9566-DFFE2F3A6946}.Debug|Any CPU.Build.0 = Debug|Any CPU
		{D43E6C54-2DF5-454E-9566-DFFE2F3A6946}.Release|Any CPU.ActiveCfg = Release|Any CPU
		{D43E6C54-2DF5-454E-9566-DFFE2F3A6946}.Release|Any CPU.Build.0 = Release|Any CPU
	EndGlobalSection
	GlobalSection(SolutionProperties) = preSolution
		HideSolutionNode = FALSE
	EndGlobalSection
EndGlobal
