
Microsoft Visual Studio Solution File, Format Version 12.00
# Visual Studio 15
VisualStudioVersion = 15.0.27703.2000
MinimumVisualStudioVersion = 10.0.40219.1
Project("{9A19103F-16F7-4668-BE54-9A1E7A4F7556}") = "OpenSourceSCORMLMS", "OpenSourceSCORMLMS\OpenSourceSCORMLMS.csproj", "{3B95DB81-5228-4C08-A753-F8F2E7B380DB}"
	ProjectSection(ProjectDependencies) = postProject
		{BC758C30-DC21-2F42-869C-969999F6564E} = {BC758C30-DC21-2F42-869C-969999F6564E}
		{3580A349-8FD1-4D3C-9426-9CACC7685695} = {3580A349-8FD1-4D3C-9426-9CACC7685695}
		{D43E6C54-2DF5-454E-9566-DFFE2F3A6946} = {D43E6C54-2DF5-454E-9566-DFFE2F3A6946}
		{335BAB6F-97C1-0E4C-8CDE-7197939EC0E1} = {335BAB6F-97C1-0E4C-8CDE-7197939EC0E1}
		{4878C28C-7ECF-7B45-8B0B-3CA889C10342} = {4878C28C-7ECF-7B45-8B0B-3CA889C10342}
	EndProjectSection
EndProject
Project("{FAE04EC0-301F-11D3-BF4B-00C04F79EFBC}") = "adlcp_rootv1p2", "SCORM_XMLObjects\V1_2\adlcp_rootv1p2\adlcp_rootv1p2.csproj", "{335BAB6F-97C1-0E4C-8CDE-7197939EC0E1}"
EndProject
Project("{FAE04EC0-301F-11D3-BF4B-00C04F79EFBC}") = "imscp_rootv1p1p2", "SCORM_XMLObjects\V1_2\imscp_rootv1p1p2\imscp_rootv1p1p2.csproj", "{4878C28C-7ECF-7B45-8B0B-3CA889C10342}"
EndProject
Project("{FAE04EC0-301F-11D3-BF4B-00C04F79EFBC}") = "imsmd_rootv1p2p1", "SCORM_XMLObjects\V1_2\imsmd_rootv1p2p1\imsmd_rootv1p2p1.csproj", "{BC758C30-DC21-2F42-869C-969999F6564E}"
EndProject
Project("{FAE04EC0-301F-11D3-BF4B-00C04F79EFBC}") = "Altova", "SCORM_XMLObjects\V1_2\Altova\Altova.csproj", "{D43E6C54-2DF5-454E-9566-DFFE2F3A6946}"
EndProject
Project("{9A19103F-16F7-4668-BE54-9A1E7A4F7556}") = "adlcp_v1P3", "SCORM_XMLObjects\V1_3\adlcp_v1p3\adlcp_v1P3.csproj", "{3580A349-8FD1-4D3C-9426-9CACC7685695}"
EndProject
Global
	GlobalSection(SolutionConfigurationPlatforms) = preSolution
		Debug|Any CPU = Debug|Any CPU
		Release|Any CPU = Release|Any CPU
	EndGlobalSection
	GlobalSection(ProjectConfigurationPlatforms) = postSolution
		{3B95DB81-5228-4C08-A753-F8F2E7B380DB}.Debug|Any CPU.ActiveCfg = Debug|Any CPU
		{3B95DB81-5228-4C08-A753-F8F2E7B380DB}.Debug|Any CPU.Build.0 = Debug|Any CPU
		{3B95DB81-5228-4C08-A753-F8F2E7B380DB}.Release|Any CPU.ActiveCfg = Release|Any CPU
		{3B95DB81-5228-4C08-A753-F8F2E7B380DB}.Release|Any CPU.Build.0 = Release|Any CPU
		{335BAB6F-97C1-0E4C-8CDE-7197939EC0E1}.Debug|Any CPU.ActiveCfg = Debug|Any CPU
		{335BAB6F-97C1-0E4C-8CDE-7197939EC0E1}.Debug|Any CPU.Build.0 = Debug|Any CPU
		{335BAB6F-97C1-0E4C-8CDE-7197939EC0E1}.Release|Any CPU.ActiveCfg = Release|Any CPU
		{335BAB6F-97C1-0E4C-8CDE-7197939EC0E1}.Release|Any CPU.Build.0 = Release|Any CPU
		{4878C28C-7ECF-7B45-8B0B-3CA889C10342}.Debug|Any CPU.ActiveCfg = Debug|Any CPU
		{4878C28C-7ECF-7B45-8B0B-3CA889C10342}.Debug|Any CPU.Build.0 = Debug|Any CPU
		{4878C28C-7ECF-7B45-8B0B-3CA889C10342}.Release|Any CPU.ActiveCfg = Release|Any CPU
		{4878C28C-7ECF-7B45-8B0B-3CA889C10342}.Release|Any CPU.Build.0 = Release|Any CPU
		{BC758C30-DC21-2F42-869C-969999F6564E}.Debug|Any CPU.ActiveCfg = Debug|Any CPU
		{BC758C30-DC21-2F42-869C-969999F6564E}.Debug|Any CPU.Build.0 = Debug|Any CPU
		{BC758C30-DC21-2F42-869C-969999F6564E}.Release|Any CPU.ActiveCfg = Release|Any CPU
		{BC758C30-DC21-2F42-869C-969999F6564E}.Release|Any CPU.Build.0 = Release|Any CPU
		{D43E6C54-2DF5-454E-9566-DFFE2F3A6946}.Debug|Any CPU.ActiveCfg = Debug|Any CPU
		{D43E6C54-2DF5-454E-9566-DFFE2F3A6946}.Debug|Any CPU.Build.0 = Debug|Any CPU
		{D43E6C54-2DF5-454E-9566-DFFE2F3A6946}.Release|Any CPU.ActiveCfg = Release|Any CPU
		{D43E6C54-2DF5-454E-9566-DFFE2F3A6946}.Release|Any CPU.Build.0 = Release|Any CPU
		{3580A349-8FD1-4D3C-9426-9CACC7685695}.Debug|Any CPU.ActiveCfg = Debug|Any CPU
		{3580A349-8FD1-4D3C-9426-9CACC7685695}.Debug|Any CPU.Build.0 = Debug|Any CPU
		{3580A349-8FD1-4D3C-9426-9CACC7685695}.Release|Any CPU.ActiveCfg = Release|Any CPU
		{3580A349-8FD1-4D3C-9426-9CACC7685695}.Release|Any CPU.Build.0 = Release|Any CPU
	EndGlobalSection
	GlobalSection(SolutionProperties) = preSolution
		HideSolutionNode = FALSE
	EndGlobalSection
	GlobalSection(ExtensibilityGlobals) = postSolution
		SolutionGuid = {9F04A032-6C22-4F88-9A78-E0A6521C0116}
	EndGlobalSection
EndGlobal
